
Microsoft Visual Studio Solution File, Format Version 12.00
# Visual Studio 15
VisualStudioVersion = 15.0.26730.16
MinimumVisualStudioVersion = 10.0.40219.1
Project("{FAE04EC0-301F-11D3-BF4B-00C04F79EFBC}") = "Contact", "Contact\Contact.csproj", "{839EF351-1CFF-4D55-8CC2-76A4703887A6}"
EndProject
Project("{FAE04EC0-301F-11D3-BF4B-00C04F79EFBC}") = "Range", "Range\Range.csproj", "{7AF6AB8F-0C24-4BBE-ABDF-5E7324BEFF90}"
EndProject
Project("{FAE04EC0-301F-11D3-BF4B-00C04F79EFBC}") = "Vector", "Vector\Vector.csproj", "{301AB47E-543A-4C59-B2DA-0D4967AE8C27}"
EndProject
Project("{FAE04EC0-301F-11D3-BF4B-00C04F79EFBC}") = "Shape", "Shape\Shape.csproj", "{BF2B02DA-E723-44BC-B54B-76886967CF21}"
EndProject
Project("{FAE04EC0-301F-11D3-BF4B-00C04F79EFBC}") = "Sort-it", "sort-it\Sort-it.csproj", "{C8309428-CB34-42DC-AE5E-479CFE939059}"
EndProject
Project("{FAE04EC0-301F-11D3-BF4B-00C04F79EFBC}") = "List", "List\List.csproj", "{91266381-C28F-4161-9212-9E84AE972C9C}"
EndProject
Project("{FAE04EC0-301F-11D3-BF4B-00C04F79EFBC}") = "Matrix", "Matrix\Matrix.csproj", "{F2536009-C68B-4F42-8D47-B0FCA9B324CD}"
EndProject
Project("{FAE04EC0-301F-11D3-BF4B-00C04F79EFBC}") = "ArrayList", "ArrayList\ArrayList.csproj", "{98E44743-5204-4534-86A7-94A65CA5B6DF}"
EndProject
Global
	GlobalSection(SolutionConfigurationPlatforms) = preSolution
		Debug|Any CPU = Debug|Any CPU
		Debug|ARM = Debug|ARM
		Debug|x64 = Debug|x64
		Debug|x86 = Debug|x86
		Release|Any CPU = Release|Any CPU
		Release|ARM = Release|ARM
		Release|x64 = Release|x64
		Release|x86 = Release|x86
	EndGlobalSection
	GlobalSection(ProjectConfigurationPlatforms) = postSolution
		{839EF351-1CFF-4D55-8CC2-76A4703887A6}.Debug|Any CPU.ActiveCfg = Debug|Any CPU
		{839EF351-1CFF-4D55-8CC2-76A4703887A6}.Debug|Any CPU.Build.0 = Debug|Any CPU
		{839EF351-1CFF-4D55-8CC2-76A4703887A6}.Debug|ARM.ActiveCfg = Debug|Any CPU
		{839EF351-1CFF-4D55-8CC2-76A4703887A6}.Debug|ARM.Build.0 = Debug|Any CPU
		{839EF351-1CFF-4D55-8CC2-76A4703887A6}.Debug|x64.ActiveCfg = Debug|Any CPU
		{839EF351-1CFF-4D55-8CC2-76A4703887A6}.Debug|x64.Build.0 = Debug|Any CPU
		{839EF351-1CFF-4D55-8CC2-76A4703887A6}.Debug|x86.ActiveCfg = Debug|Any CPU
		{839EF351-1CFF-4D55-8CC2-76A4703887A6}.Debug|x86.Build.0 = Debug|Any CPU
		{839EF351-1CFF-4D55-8CC2-76A4703887A6}.Release|Any CPU.ActiveCfg = Release|Any CPU
		{839EF351-1CFF-4D55-8CC2-76A4703887A6}.Release|Any CPU.Build.0 = Release|Any CPU
		{839EF351-1CFF-4D55-8CC2-76A4703887A6}.Release|ARM.ActiveCfg = Release|Any CPU
		{839EF351-1CFF-4D55-8CC2-76A4703887A6}.Release|ARM.Build.0 = Release|Any CPU
		{839EF351-1CFF-4D55-8CC2-76A4703887A6}.Release|x64.ActiveCfg = Release|Any CPU
		{839EF351-1CFF-4D55-8CC2-76A4703887A6}.Release|x64.Build.0 = Release|Any CPU
		{839EF351-1CFF-4D55-8CC2-76A4703887A6}.Release|x86.ActiveCfg = Release|Any CPU
		{839EF351-1CFF-4D55-8CC2-76A4703887A6}.Release|x86.Build.0 = Release|Any CPU
		{7AF6AB8F-0C24-4BBE-ABDF-5E7324BEFF90}.Debug|Any CPU.ActiveCfg = Debug|Any CPU
		{7AF6AB8F-0C24-4BBE-ABDF-5E7324BEFF90}.Debug|Any CPU.Build.0 = Debug|Any CPU
		{7AF6AB8F-0C24-4BBE-ABDF-5E7324BEFF90}.Debug|ARM.ActiveCfg = Debug|Any CPU
		{7AF6AB8F-0C24-4BBE-ABDF-5E7324BEFF90}.Debug|ARM.Build.0 = Debug|Any CPU
		{7AF6AB8F-0C24-4BBE-ABDF-5E7324BEFF90}.Debug|x64.ActiveCfg = Debug|Any CPU
		{7AF6AB8F-0C24-4BBE-ABDF-5E7324BEFF90}.Debug|x64.Build.0 = Debug|Any CPU
		{7AF6AB8F-0C24-4BBE-ABDF-5E7324BEFF90}.Debug|x86.ActiveCfg = Debug|Any CPU
		{7AF6AB8F-0C24-4BBE-ABDF-5E7324BEFF90}.Debug|x86.Build.0 = Debug|Any CPU
		{7AF6AB8F-0C24-4BBE-ABDF-5E7324BEFF90}.Release|Any CPU.ActiveCfg = Release|Any CPU
		{7AF6AB8F-0C24-4BBE-ABDF-5E7324BEFF90}.Release|Any CPU.Build.0 = Release|Any CPU
		{7AF6AB8F-0C24-4BBE-ABDF-5E7324BEFF90}.Release|ARM.ActiveCfg = Release|Any CPU
		{7AF6AB8F-0C24-4BBE-ABDF-5E7324BEFF90}.Release|ARM.Build.0 = Release|Any CPU
		{7AF6AB8F-0C24-4BBE-ABDF-5E7324BEFF90}.Release|x64.ActiveCfg = Release|Any CPU
		{7AF6AB8F-0C24-4BBE-ABDF-5E7324BEFF90}.Release|x64.Build.0 = Release|Any CPU
		{7AF6AB8F-0C24-4BBE-ABDF-5E7324BEFF90}.Release|x86.ActiveCfg = Release|Any CPU
		{7AF6AB8F-0C24-4BBE-ABDF-5E7324BEFF90}.Release|x86.Build.0 = Release|Any CPU
		{301AB47E-543A-4C59-B2DA-0D4967AE8C27}.Debug|Any CPU.ActiveCfg = Debug|Any CPU
		{301AB47E-543A-4C59-B2DA-0D4967AE8C27}.Debug|Any CPU.Build.0 = Debug|Any CPU
		{301AB47E-543A-4C59-B2DA-0D4967AE8C27}.Debug|ARM.ActiveCfg = Debug|Any CPU
		{301AB47E-543A-4C59-B2DA-0D4967AE8C27}.Debug|ARM.Build.0 = Debug|Any CPU
		{301AB47E-543A-4C59-B2DA-0D4967AE8C27}.Debug|x64.ActiveCfg = Debug|Any CPU
		{301AB47E-543A-4C59-B2DA-0D4967AE8C27}.Debug|x64.Build.0 = Debug|Any CPU
		{301AB47E-543A-4C59-B2DA-0D4967AE8C27}.Debug|x86.ActiveCfg = Debug|Any CPU
		{301AB47E-543A-4C59-B2DA-0D4967AE8C27}.Debug|x86.Build.0 = Debug|Any CPU
		{301AB47E-543A-4C59-B2DA-0D4967AE8C27}.Release|Any CPU.ActiveCfg = Release|Any CPU
		{301AB47E-543A-4C59-B2DA-0D4967AE8C27}.Release|Any CPU.Build.0 = Release|Any CPU
		{301AB47E-543A-4C59-B2DA-0D4967AE8C27}.Release|ARM.ActiveCfg = Release|Any CPU
		{301AB47E-543A-4C59-B2DA-0D4967AE8C27}.Release|ARM.Build.0 = Release|Any CPU
		{301AB47E-543A-4C59-B2DA-0D4967AE8C27}.Release|x64.ActiveCfg = Release|Any CPU
		{301AB47E-543A-4C59-B2DA-0D4967AE8C27}.Release|x64.Build.0 = Release|Any CPU
		{301AB47E-543A-4C59-B2DA-0D4967AE8C27}.Release|x86.ActiveCfg = Release|Any CPU
		{301AB47E-543A-4C59-B2DA-0D4967AE8C27}.Release|x86.Build.0 = Release|Any CPU
		{BF2B02DA-E723-44BC-B54B-76886967CF21}.Debug|Any CPU.ActiveCfg = Debug|Any CPU
		{BF2B02DA-E723-44BC-B54B-76886967CF21}.Debug|Any CPU.Build.0 = Debug|Any CPU
		{BF2B02DA-E723-44BC-B54B-76886967CF21}.Debug|ARM.ActiveCfg = Debug|Any CPU
		{BF2B02DA-E723-44BC-B54B-76886967CF21}.Debug|ARM.Build.0 = Debug|Any CPU
		{BF2B02DA-E723-44BC-B54B-76886967CF21}.Debug|x64.ActiveCfg = Debug|Any CPU
		{BF2B02DA-E723-44BC-B54B-76886967CF21}.Debug|x64.Build.0 = Debug|Any CPU
		{BF2B02DA-E723-44BC-B54B-76886967CF21}.Debug|x86.ActiveCfg = Debug|Any CPU
		{BF2B02DA-E723-44BC-B54B-76886967CF21}.Debug|x86.Build.0 = Debug|Any CPU
		{BF2B02DA-E723-44BC-B54B-76886967CF21}.Release|Any CPU.ActiveCfg = Release|Any CPU
		{BF2B02DA-E723-44BC-B54B-76886967CF21}.Release|Any CPU.Build.0 = Release|Any CPU
		{BF2B02DA-E723-44BC-B54B-76886967CF21}.Release|ARM.ActiveCfg = Release|Any CPU
		{BF2B02DA-E723-44BC-B54B-76886967CF21}.Release|ARM.Build.0 = Release|Any CPU
		{BF2B02DA-E723-44BC-B54B-76886967CF21}.Release|x64.ActiveCfg = Release|Any CPU
		{BF2B02DA-E723-44BC-B54B-76886967CF21}.Release|x64.Build.0 = Release|Any CPU
		{BF2B02DA-E723-44BC-B54B-76886967CF21}.Release|x86.ActiveCfg = Release|Any CPU
		{BF2B02DA-E723-44BC-B54B-76886967CF21}.Release|x86.Build.0 = Release|Any CPU
		{C8309428-CB34-42DC-AE5E-479CFE939059}.Debug|Any CPU.ActiveCfg = Debug|Any CPU
		{C8309428-CB34-42DC-AE5E-479CFE939059}.Debug|Any CPU.Build.0 = Debug|Any CPU
		{C8309428-CB34-42DC-AE5E-479CFE939059}.Debug|ARM.ActiveCfg = Debug|Any CPU
		{C8309428-CB34-42DC-AE5E-479CFE939059}.Debug|ARM.Build.0 = Debug|Any CPU
		{C8309428-CB34-42DC-AE5E-479CFE939059}.Debug|x64.ActiveCfg = Debug|Any CPU
		{C8309428-CB34-42DC-AE5E-479CFE939059}.Debug|x64.Build.0 = Debug|Any CPU
		{C8309428-CB34-42DC-AE5E-479CFE939059}.Debug|x86.ActiveCfg = Debug|Any CPU
		{C8309428-CB34-42DC-AE5E-479CFE939059}.Debug|x86.Build.0 = Debug|Any CPU
		{C8309428-CB34-42DC-AE5E-479CFE939059}.Release|Any CPU.ActiveCfg = Release|Any CPU
		{C8309428-CB34-42DC-AE5E-479CFE939059}.Release|Any CPU.Build.0 = Release|Any CPU
		{C8309428-CB34-42DC-AE5E-479CFE939059}.Release|ARM.ActiveCfg = Release|Any CPU
		{C8309428-CB34-42DC-AE5E-479CFE939059}.Release|ARM.Build.0 = Release|Any CPU
		{C8309428-CB34-42DC-AE5E-479CFE939059}.Release|x64.ActiveCfg = Release|Any CPU
		{C8309428-CB34-42DC-AE5E-479CFE939059}.Release|x64.Build.0 = Release|Any CPU
		{C8309428-CB34-42DC-AE5E-479CFE939059}.Release|x86.ActiveCfg = Release|Any CPU
		{C8309428-CB34-42DC-AE5E-479CFE939059}.Release|x86.Build.0 = Release|Any CPU
		{91266381-C28F-4161-9212-9E84AE972C9C}.Debug|Any CPU.ActiveCfg = Debug|Any CPU
		{91266381-C28F-4161-9212-9E84AE972C9C}.Debug|Any CPU.Build.0 = Debug|Any CPU
		{91266381-C28F-4161-9212-9E84AE972C9C}.Debug|ARM.ActiveCfg = Debug|Any CPU
		{91266381-C28F-4161-9212-9E84AE972C9C}.Debug|ARM.Build.0 = Debug|Any CPU
		{91266381-C28F-4161-9212-9E84AE972C9C}.Debug|x64.ActiveCfg = Debug|Any CPU
		{91266381-C28F-4161-9212-9E84AE972C9C}.Debug|x64.Build.0 = Debug|Any CPU
		{91266381-C28F-4161-9212-9E84AE972C9C}.Debug|x86.ActiveCfg = Debug|Any CPU
		{91266381-C28F-4161-9212-9E84AE972C9C}.Debug|x86.Build.0 = Debug|Any CPU
		{91266381-C28F-4161-9212-9E84AE972C9C}.Release|Any CPU.ActiveCfg = Release|Any CPU
		{91266381-C28F-4161-9212-9E84AE972C9C}.Release|Any CPU.Build.0 = Release|Any CPU
		{91266381-C28F-4161-9212-9E84AE972C9C}.Release|ARM.ActiveCfg = Release|Any CPU
		{91266381-C28F-4161-9212-9E84AE972C9C}.Release|ARM.Build.0 = Release|Any CPU
		{91266381-C28F-4161-9212-9E84AE972C9C}.Release|x64.ActiveCfg = Release|Any CPU
		{91266381-C28F-4161-9212-9E84AE972C9C}.Release|x64.Build.0 = Release|Any CPU
		{91266381-C28F-4161-9212-9E84AE972C9C}.Release|x86.ActiveCfg = Release|Any CPU
		{91266381-C28F-4161-9212-9E84AE972C9C}.Release|x86.Build.0 = Release|Any CPU
		{F2536009-C68B-4F42-8D47-B0FCA9B324CD}.Debug|Any CPU.ActiveCfg = Debug|Any CPU
		{F2536009-C68B-4F42-8D47-B0FCA9B324CD}.Debug|Any CPU.Build.0 = Debug|Any CPU
		{F2536009-C68B-4F42-8D47-B0FCA9B324CD}.Debug|ARM.ActiveCfg = Debug|Any CPU
		{F2536009-C68B-4F42-8D47-B0FCA9B324CD}.Debug|ARM.Build.0 = Debug|Any CPU
		{F2536009-C68B-4F42-8D47-B0FCA9B324CD}.Debug|x64.ActiveCfg = Debug|Any CPU
		{F2536009-C68B-4F42-8D47-B0FCA9B324CD}.Debug|x64.Build.0 = Debug|Any CPU
		{F2536009-C68B-4F42-8D47-B0FCA9B324CD}.Debug|x86.ActiveCfg = Debug|Any CPU
		{F2536009-C68B-4F42-8D47-B0FCA9B324CD}.Debug|x86.Build.0 = Debug|Any CPU
		{F2536009-C68B-4F42-8D47-B0FCA9B324CD}.Release|Any CPU.ActiveCfg = Release|Any CPU
		{F2536009-C68B-4F42-8D47-B0FCA9B324CD}.Release|Any CPU.Build.0 = Release|Any CPU
		{F2536009-C68B-4F42-8D47-B0FCA9B324CD}.Release|ARM.ActiveCfg = Release|Any CPU
		{F2536009-C68B-4F42-8D47-B0FCA9B324CD}.Release|ARM.Build.0 = Release|Any CPU
		{F2536009-C68B-4F42-8D47-B0FCA9B324CD}.Release|x64.ActiveCfg = Release|Any CPU
		{F2536009-C68B-4F42-8D47-B0FCA9B324CD}.Release|x64.Build.0 = Release|Any CPU
		{F2536009-C68B-4F42-8D47-B0FCA9B324CD}.Release|x86.ActiveCfg = Release|Any CPU
		{F2536009-C68B-4F42-8D47-B0FCA9B324CD}.Release|x86.Build.0 = Release|Any CPU
		{98E44743-5204-4534-86A7-94A65CA5B6DF}.Debug|Any CPU.ActiveCfg = Debug|Any CPU
		{98E44743-5204-4534-86A7-94A65CA5B6DF}.Debug|Any CPU.Build.0 = Debug|Any CPU
		{98E44743-5204-4534-86A7-94A65CA5B6DF}.Debug|ARM.ActiveCfg = Debug|Any CPU
		{98E44743-5204-4534-86A7-94A65CA5B6DF}.Debug|ARM.Build.0 = Debug|Any CPU
		{98E44743-5204-4534-86A7-94A65CA5B6DF}.Debug|x64.ActiveCfg = Debug|Any CPU
		{98E44743-5204-4534-86A7-94A65CA5B6DF}.Debug|x64.Build.0 = Debug|Any CPU
		{98E44743-5204-4534-86A7-94A65CA5B6DF}.Debug|x86.ActiveCfg = Debug|Any CPU
		{98E44743-5204-4534-86A7-94A65CA5B6DF}.Debug|x86.Build.0 = Debug|Any CPU
		{98E44743-5204-4534-86A7-94A65CA5B6DF}.Release|Any CPU.ActiveCfg = Release|Any CPU
		{98E44743-5204-4534-86A7-94A65CA5B6DF}.Release|Any CPU.Build.0 = Release|Any CPU
		{98E44743-5204-4534-86A7-94A65CA5B6DF}.Release|ARM.ActiveCfg = Release|Any CPU
		{98E44743-5204-4534-86A7-94A65CA5B6DF}.Release|ARM.Build.0 = Release|Any CPU
		{98E44743-5204-4534-86A7-94A65CA5B6DF}.Release|x64.ActiveCfg = Release|Any CPU
		{98E44743-5204-4534-86A7-94A65CA5B6DF}.Release|x64.Build.0 = Release|Any CPU
		{98E44743-5204-4534-86A7-94A65CA5B6DF}.Release|x86.ActiveCfg = Release|Any CPU
		{98E44743-5204-4534-86A7-94A65CA5B6DF}.Release|x86.Build.0 = Release|Any CPU
	EndGlobalSection
	GlobalSection(SolutionProperties) = preSolution
		HideSolutionNode = FALSE
	EndGlobalSection
	GlobalSection(ExtensibilityGlobals) = postSolution
		SolutionGuid = {75C8FA8E-109E-4977-ACF7-8896EAEF5E1D}
	EndGlobalSection
EndGlobal
